// !$*UTF8*$!
{
	archiveVersion = 1;
	classes = {
	};
	objectVersion = 44;
	objects = {

/* Begin PBXBuildFile section */
		22CF11E00EE9A9860054F513 /* MaxAudioAPI.framework in Frameworks */ = {isa = PBXBuildFile; fileRef = 22CF11DF0EE9A9860054F513 /* MaxAudioAPI.framework */; };
		2FBBEADE08F335360078DB84 /* MaxAPI.framework in Frameworks */ = {isa = PBXBuildFile; fileRef = 54266BCE05E6E9780000000C /* MaxAPI.framework */; };
		DD22491514A0A833006DDD5C /* libfftw3f.a in Frameworks */ = {isa = PBXBuildFile; fileRef = DD22491414A0A833006DDD5C /* libfftw3f.a */; };
		DD22491914A0A849006DDD5C /* fftw3.h in Headers */ = {isa = PBXBuildFile; fileRef = DD22491814A0A849006DDD5C /* fftw3.h */; };
		DD25FE21156A6CAB00CAEDA3 /* pg.mel~.c in Sources */ = {isa = PBXBuildFile; fileRef = DD25FE1A156A6CAB00CAEDA3 /* pg.mel~.c */; };
		DD25FE22156A6CAB00CAEDA3 /* pg.window.c in Sources */ = {isa = PBXBuildFile; fileRef = DD25FE1B156A6CAB00CAEDA3 /* pg.window.c */; };
		DD25FE23156A6CAB00CAEDA3 /* pg.window.h in Headers */ = {isa = PBXBuildFile; fileRef = DD25FE1C156A6CAB00CAEDA3 /* pg.window.h */; };
		DD25FE25156A6CAB00CAEDA3 /* pg.mel.h in Headers */ = {isa = PBXBuildFile; fileRef = DD25FE1E156A6CAB00CAEDA3 /* pg.mel.h */; };
		DD25FE26156A6CAB00CAEDA3 /* pg.fft.h in Headers */ = {isa = PBXBuildFile; fileRef = DD25FE1F156A6CAB00CAEDA3 /* pg.fft.h */; };
		DD25FE27156A6CAB00CAEDA3 /* pg.fft.c in Sources */ = {isa = PBXBuildFile; fileRef = DD25FE20156A6CAB00CAEDA3 /* pg.fft.c */; };
/* End PBXBuildFile section */

/* Begin PBXFileReference section */
		22CF10220EE984600054F513 /* maxmspsdk.xcconfig */ = {isa = PBXFileReference; fileEncoding = 4; lastKnownFileType = text.xcconfig; name = maxmspsdk.xcconfig; path = ../maxmspsdk.xcconfig; sourceTree = SOURCE_ROOT; };
		22CF11DF0EE9A9860054F513 /* MaxAudioAPI.framework */ = {isa = PBXFileReference; lastKnownFileType = wrapper.framework; name = MaxAudioAPI.framework; path = "../../c74support/msp-includes/MaxAudioAPI.framework"; sourceTree = SOURCE_ROOT; };
		2FBBEAE508F335360078DB84 /* pg.mel~.mxo */ = {isa = PBXFileReference; explicitFileType = wrapper.cfbundle; includeInIndex = 0; path = "pg.mel~.mxo"; sourceTree = BUILT_PRODUCTS_DIR; };
		54266BCE05E6E9780000000C /* MaxAPI.framework */ = {isa = PBXFileReference; lastKnownFileType = wrapper.framework; name = MaxAPI.framework; path = "../../c74support/max-includes/MaxAPI.framework"; sourceTree = SOURCE_ROOT; };
		DD22491414A0A833006DDD5C /* libfftw3f.a */ = {isa = PBXFileReference; lastKnownFileType = archive.ar; name = libfftw3f.a; path = /usr/lib/libfftw3f.a; sourceTree = "<absolute>"; };
		DD22491814A0A849006DDD5C /* fftw3.h */ = {isa = PBXFileReference; fileEncoding = 4; lastKnownFileType = sourcecode.c.h; name = fftw3.h; path = /usr/include/fftw3.h; sourceTree = "<absolute>"; };
		DD25FE1A156A6CAB00CAEDA3 /* pg.mel~.c */ = {isa = PBXFileReference; fileEncoding = 4; lastKnownFileType = sourcecode.c.c; path = "pg.mel~.c"; sourceTree = "<group>"; };
		DD25FE1B156A6CAB00CAEDA3 /* pg.window.c */ = {isa = PBXFileReference; fileEncoding = 4; lastKnownFileType = sourcecode.c.c; path = pg.window.c; sourceTree = "<group>"; };
		DD25FE1C156A6CAB00CAEDA3 /* pg.window.h */ = {isa = PBXFileReference; fileEncoding = 4; lastKnownFileType = sourcecode.c.h; path = pg.window.h; sourceTree = "<group>"; };
		DD25FE1E156A6CAB00CAEDA3 /* pg.mel.h */ = {isa = PBXFileReference; fileEncoding = 4; lastKnownFileType = sourcecode.c.h; path = pg.mel.h; sourceTree = "<group>"; };
		DD25FE1F156A6CAB00CAEDA3 /* pg.fft.h */ = {isa = PBXFileReference; fileEncoding = 4; lastKnownFileType = sourcecode.c.h; path = pg.fft.h; sourceTree = "<group>"; };
		DD25FE20156A6CAB00CAEDA3 /* pg.fft.c */ = {isa = PBXFileReference; fileEncoding = 4; lastKnownFileType = sourcecode.c.c; path = pg.fft.c; sourceTree = "<group>"; };
/* End PBXFileReference section */

/* Begin PBXFrameworksBuildPhase section */
		2FBBEADC08F335360078DB84 /* Frameworks */ = {
			isa = PBXFrameworksBuildPhase;
			buildActionMask = 2147483647;
			files = (
				2FBBEADE08F335360078DB84 /* MaxAPI.framework in Frameworks */,
				22CF11E00EE9A9860054F513 /* MaxAudioAPI.framework in Frameworks */,
				DD22491514A0A833006DDD5C /* libfftw3f.a in Frameworks */,
			);
			runOnlyForDeploymentPostprocessing = 0;
		};
/* End PBXFrameworksBuildPhase section */

/* Begin PBXGroup section */
		089C166AFE841209C02AAC07 /* iterator */ = {
			isa = PBXGroup;
			children = (
				DD22491814A0A849006DDD5C /* fftw3.h */,
				22CF10220EE984600054F513 /* maxmspsdk.xcconfig */,
				08FB77ADFE841716C02AAC07 /* Source */,
				089C1671FE841209C02AAC07 /* External Frameworks and Libraries */,
				19C28FB4FE9D528D11CA2CBB /* Products */,
				DD22491414A0A833006DDD5C /* libfftw3f.a */,
			);
			name = iterator;
			sourceTree = "<group>";
		};
		089C1671FE841209C02AAC07 /* External Frameworks and Libraries */ = {
			isa = PBXGroup;
			children = (
				54266BCE05E6E9780000000C /* MaxAPI.framework */,
				22CF11DF0EE9A9860054F513 /* MaxAudioAPI.framework */,
			);
			name = "External Frameworks and Libraries";
			sourceTree = "<group>";
		};
		08FB77ADFE841716C02AAC07 /* Source */ = {
			isa = PBXGroup;
			children = (
				DD25FE1A156A6CAB00CAEDA3 /* pg.mel~.c */,
				DD25FE1B156A6CAB00CAEDA3 /* pg.window.c */,
				DD25FE1C156A6CAB00CAEDA3 /* pg.window.h */,
				DD25FE1E156A6CAB00CAEDA3 /* pg.mel.h */,
				DD25FE1F156A6CAB00CAEDA3 /* pg.fft.h */,
				DD25FE20156A6CAB00CAEDA3 /* pg.fft.c */,
			);
			name = Source;
			sourceTree = "<group>";
		};
		19C28FB4FE9D528D11CA2CBB /* Products */ = {
			isa = PBXGroup;
			children = (
				2FBBEAE508F335360078DB84 /* pg.mel~.mxo */,
			);
			name = Products;
			sourceTree = "<group>";
		};
/* End PBXGroup section */

/* Begin PBXHeadersBuildPhase section */
		2FBBEAD708F335360078DB84 /* Headers */ = {
			isa = PBXHeadersBuildPhase;
			buildActionMask = 2147483647;
			files = (
				DD22491914A0A849006DDD5C /* fftw3.h in Headers */,
				DD25FE23156A6CAB00CAEDA3 /* pg.window.h in Headers */,
				DD25FE25156A6CAB00CAEDA3 /* pg.mel.h in Headers */,
				DD25FE26156A6CAB00CAEDA3 /* pg.fft.h in Headers */,
			);
			runOnlyForDeploymentPostprocessing = 0;
		};
/* End PBXHeadersBuildPhase section */

/* Begin PBXNativeTarget section */
		2FBBEAD608F335360078DB84 /* max-external */ = {
			isa = PBXNativeTarget;
			buildConfigurationList = 2FBBEAE008F335360078DB84 /* Build configuration list for PBXNativeTarget "max-external" */;
			buildPhases = (
				2FBBEAD708F335360078DB84 /* Headers */,
				2FBBEAD808F335360078DB84 /* Resources */,
				2FBBEADA08F335360078DB84 /* Sources */,
				2FBBEADC08F335360078DB84 /* Frameworks */,
				2FBBEADF08F335360078DB84 /* Rez */,
			);
			buildRules = (
			);
			dependencies = (
			);
			name = "max-external";
			productName = iterator;
			productReference = 2FBBEAE508F335360078DB84 /* pg.mel~.mxo */;
			productType = "com.apple.product-type.bundle";
		};
/* End PBXNativeTarget section */

/* Begin PBXProject section */
		089C1669FE841209C02AAC07 /* Project object */ = {
			isa = PBXProject;
			buildConfigurationList = 2FBBEACF08F335010078DB84 /* Build configuration list for PBXProject "pg.mel~" */;
			compatibilityVersion = "Xcode 3.0";
			developmentRegion = English;
			hasScannedForEncodings = 1;
			knownRegions = (
				English,
				Japanese,
				French,
				German,
			);
			mainGroup = 089C166AFE841209C02AAC07 /* iterator */;
			projectDirPath = "";
			projectRoot = "";
			targets = (
				2FBBEAD608F335360078DB84 /* max-external */,
			);
		};
/* End PBXProject section */

/* Begin PBXResourcesBuildPhase section */
		2FBBEAD808F335360078DB84 /* Resources */ = {
			isa = PBXResourcesBuildPhase;
			buildActionMask = 2147483647;
			files = (
			);
			runOnlyForDeploymentPostprocessing = 0;
		};
/* End PBXResourcesBuildPhase section */

/* Begin PBXRezBuildPhase section */
		2FBBEADF08F335360078DB84 /* Rez */ = {
			isa = PBXRezBuildPhase;
			buildActionMask = 2147483647;
			files = (
			);
			runOnlyForDeploymentPostprocessing = 0;
		};
/* End PBXRezBuildPhase section */

/* Begin PBXSourcesBuildPhase section */
		2FBBEADA08F335360078DB84 /* Sources */ = {
			isa = PBXSourcesBuildPhase;
			buildActionMask = 2147483647;
			files = (
				DD25FE21156A6CAB00CAEDA3 /* pg.mel~.c in Sources */,
				DD25FE22156A6CAB00CAEDA3 /* pg.window.c in Sources */,
				DD25FE27156A6CAB00CAEDA3 /* pg.fft.c in Sources */,
			);
			runOnlyForDeploymentPostprocessing = 0;
		};
/* End PBXSourcesBuildPhase section */

/* Begin XCBuildConfiguration section */
		2FBBEAD008F335010078DB84 /* Development */ = {
			isa = XCBuildConfiguration;
			buildSettings = {
			};
			name = Development;
		};
		2FBBEAD108F335010078DB84 /* Deployment */ = {
			isa = XCBuildConfiguration;
			buildSettings = {
			};
			name = Deployment;
		};
		2FBBEAE108F335360078DB84 /* Development */ = {
			isa = XCBuildConfiguration;
			baseConfigurationReference = 22CF10220EE984600054F513 /* maxmspsdk.xcconfig */;
			buildSettings = {
				COPY_PHASE_STRIP = NO;
				FRAMEWORK_SEARCH_PATHS = (
					"$(inherited)",
					"\"$(SRCROOT)/../../c74support/msp-includes\"",
				);
				GCC_OPTIMIZATION_LEVEL = 0;
				LIBRARY_SEARCH_PATHS = (
					"$(inherited)",
					"\"$(SRCROOT)/../../../fftw-3.3/MaCompil/lib\"",
					"\"$(SRCROOT)/../../../fftw-3.3/Compilation/lib\"",
				);
			};
			name = Development;
		};
		2FBBEAE208F335360078DB84 /* Deployment */ = {
			isa = XCBuildConfiguration;
			baseConfigurationReference = 22CF10220EE984600054F513 /* maxmspsdk.xcconfig */;
			buildSettings = {
				ARCHS = (
					ppc,
					i386,
				);
				COPY_PHASE_STRIP = YES;
				FRAMEWORK_SEARCH_PATHS = (
					"$(inherited)",
					"\"$(SRCROOT)/../../c74support/msp-includes\"",
				);
				LIBRARY_SEARCH_PATHS = (
					"$(inherited)",
					"\"$(SRCROOT)/../../../fftw-3.3/MaCompil/lib\"",
					"\"$(SRCROOT)/../../../fftw-3.3/Compilation/lib\"",
				);
			};
			name = Deployment;
		};
/* End XCBuildConfiguration section */

/* Begin XCConfigurationList section */
		2FBBEACF08F335010078DB84 /* Build configuration list for PBXProject "pg.mel~" */ = {
			isa = XCConfigurationList;
			buildConfigurations = (
				2FBBEAD008F335010078DB84 /* Development */,
				2FBBEAD108F335010078DB84 /* Deployment */,
			);
			defaultConfigurationIsVisible = 0;
			defaultConfigurationName = Development;
		};
		2FBBEAE008F335360078DB84 /* Build configuration list for PBXNativeTarget "max-external" */ = {
			isa = XCConfigurationList;
			buildConfigurations = (
				2FBBEAE108F335360078DB84 /* Development */,
				2FBBEAE208F335360078DB84 /* Deployment */,
			);
			defaultConfigurationIsVisible = 0;
			defaultConfigurationName = Development;
		};
/* End XCConfigurationList section */
	};
	rootObject = 089C1669FE841209C02AAC07 /* Project object */;
}
